github.com/google/go-cmp v0.6.0 h1:ofyhxvXcZhMsU5ulbFiLKl/XBFqE1GSq7atu8tAmTRI=
github.com/google/go-cmp v0.6.0/go.mod h1:17dUlkBOakJ0+DkrSSNjCkIjxS6bF9zb3elmeNGIjoY=
github.com/rogpeppe/generic v0.0.0-20241220094151-a3aeb75af60f h1:TYab7pVF5yWG4vGG/WoXNUpBpqvzX8XYNO2OYGTBz9Y=
github.com/rogpeppe/generic v0.0.0-20241220094151-a3aeb75af60f/go.mod h1:sJWNTNzdVYZBjMuWn0/eEWYJlen+RKhJ8YawtEokme0=
